// !$*UTF8*$!
{
	archiveVersion = 1;
	classes = {
	};
	objectVersion = 56;
	objects = {

/* Begin PBXBuildFile section */
		826D101129E8482700AA1B76 /* AppDelegate.swift in Sources */ = {isa = PBXBuildFile; fileRef = 826D101029E8482700AA1B76 /* AppDelegate.swift */; };
		826D101329E8482700AA1B76 /* SceneDelegate.swift in Sources */ = {isa = PBXBuildFile; fileRef = 826D101229E8482700AA1B76 /* SceneDelegate.swift */; };
		826D101529E8482700AA1B76 /* ViewController.swift in Sources */ = {isa = PBXBuildFile; fileRef = 826D101429E8482700AA1B76 /* ViewController.swift */; };
		826D101829E8482700AA1B76 /* Main.storyboard in Resources */ = {isa = PBXBuildFile; fileRef = 826D101629E8482700AA1B76 /* Main.storyboard */; };
		826D101A29E8482A00AA1B76 /* Assets.xcassets in Resources */ = {isa = PBXBuildFile; fileRef = 826D101929E8482A00AA1B76 /* Assets.xcassets */; };
		826D101D29E8482A00AA1B76 /* LaunchScreen.storyboard in Resources */ = {isa = PBXBuildFile; fileRef = 826D101B29E8482A00AA1B76 /* LaunchScreen.storyboard */; };
		826D102529E84BF600AA1B76 /* AyAyCustomerContract.swift in Sources */ = {isa = PBXBuildFile; fileRef = 826D102429E84BF600AA1B76 /* AyAyCustomerContract.swift */; };
		826D102C29E8556A00AA1B76 /* index.html in Resources */ = {isa = PBXBuildFile; fileRef = 826D102929E8556A00AA1B76 /* index.html */; };
		826D102D29E8556A00AA1B76 /* index.js in Resources */ = {isa = PBXBuildFile; fileRef = 826D102A29E8556A00AA1B76 /* index.js */; };
		826D102E29E8556A00AA1B76 /* ethers-5.2.umd.min.js in Resources */ = {isa = PBXBuildFile; fileRef = 826D102B29E8556A00AA1B76 /* ethers-5.2.umd.min.js */; };
		827BD9FC29E932AC005BF0D9 /* PayViewController.swift in Sources */ = {isa = PBXBuildFile; fileRef = 827BD9FB29E932AC005BF0D9 /* PayViewController.swift */; };
/* End PBXBuildFile section */

/* Begin PBXFileReference section */
		826D100D29E8482700AA1B76 /* AyAy.app */ = {isa = PBXFileReference; explicitFileType = wrapper.application; includeInIndex = 0; path = AyAy.app; sourceTree = BUILT_PRODUCTS_DIR; };
		826D101029E8482700AA1B76 /* AppDelegate.swift */ = {isa = PBXFileReference; lastKnownFileType = sourcecode.swift; path = AppDelegate.swift; sourceTree = "<group>"; };
		826D101229E8482700AA1B76 /* SceneDelegate.swift */ = {isa = PBXFileReference; lastKnownFileType = sourcecode.swift; path = SceneDelegate.swift; sourceTree = "<group>"; };
		826D101429E8482700AA1B76 /* ViewController.swift */ = {isa = PBXFileReference; lastKnownFileType = sourcecode.swift; path = ViewController.swift; sourceTree = "<group>"; };
		826D101729E8482700AA1B76 /* Base */ = {isa = PBXFileReference; lastKnownFileType = file.storyboard; name = Base; path = Base.lproj/Main.storyboard; sourceTree = "<group>"; };
		826D101929E8482A00AA1B76 /* Assets.xcassets */ = {isa = PBXFileReference; lastKnownFileType = folder.assetcatalog; path = Assets.xcassets; sourceTree = "<group>"; };
		826D101C29E8482A00AA1B76 /* Base */ = {isa = PBXFileReference; lastKnownFileType = file.storyboard; name = Base; path = Base.lproj/LaunchScreen.storyboard; sourceTree = "<group>"; };
		826D101E29E8482A00AA1B76 /* Info.plist */ = {isa = PBXFileReference; lastKnownFileType = text.plist.xml; path = Info.plist; sourceTree = "<group>"; };
		826D102429E84BF600AA1B76 /* AyAyCustomerContract.swift */ = {isa = PBXFileReference; lastKnownFileType = sourcecode.swift; path = AyAyCustomerContract.swift; sourceTree = "<group>"; };
		826D102929E8556A00AA1B76 /* index.html */ = {isa = PBXFileReference; fileEncoding = 4; lastKnownFileType = text.html; path = index.html; sourceTree = "<group>"; };
		826D102A29E8556A00AA1B76 /* index.js */ = {isa = PBXFileReference; fileEncoding = 4; lastKnownFileType = sourcecode.javascript; path = index.js; sourceTree = "<group>"; };
		826D102B29E8556A00AA1B76 /* ethers-5.2.umd.min.js */ = {isa = PBXFileReference; fileEncoding = 4; lastKnownFileType = sourcecode.javascript; path = "ethers-5.2.umd.min.js"; sourceTree = "<group>"; };
		827BD9FB29E932AC005BF0D9 /* PayViewController.swift */ = {isa = PBXFileReference; lastKnownFileType = sourcecode.swift; path = PayViewController.swift; sourceTree = "<group>"; };
/* End PBXFileReference section */

/* Begin PBXFrameworksBuildPhase section */
		826D100A29E8482700AA1B76 /* Frameworks */ = {
			isa = PBXFrameworksBuildPhase;
			buildActionMask = 2147483647;
			files = (
			);
			runOnlyForDeploymentPostprocessing = 0;
		};
/* End PBXFrameworksBuildPhase section */

/* Begin PBXGroup section */
		826D100429E8482700AA1B76 = {
			isa = PBXGroup;
			children = (
				826D100F29E8482700AA1B76 /* AyAy */,
				826D100E29E8482700AA1B76 /* Products */,
			);
			sourceTree = "<group>";
		};
		826D100E29E8482700AA1B76 /* Products */ = {
			isa = PBXGroup;
			children = (
				826D100D29E8482700AA1B76 /* AyAy.app */,
			);
			name = Products;
			sourceTree = "<group>";
		};
		826D100F29E8482700AA1B76 /* AyAy */ = {
			isa = PBXGroup;
			children = (
				826D102829E8556A00AA1B76 /* jsmod */,
				826D101029E8482700AA1B76 /* AppDelegate.swift */,
				826D101229E8482700AA1B76 /* SceneDelegate.swift */,
				826D101429E8482700AA1B76 /* ViewController.swift */,
				826D101629E8482700AA1B76 /* Main.storyboard */,
				827BD9FB29E932AC005BF0D9 /* PayViewController.swift */,
				826D102429E84BF600AA1B76 /* AyAyCustomerContract.swift */,
				826D101929E8482A00AA1B76 /* Assets.xcassets */,
				826D101B29E8482A00AA1B76 /* LaunchScreen.storyboard */,
				826D101E29E8482A00AA1B76 /* Info.plist */,
			);
			path = AyAy;
			sourceTree = "<group>";
		};
		826D102829E8556A00AA1B76 /* jsmod */ = {
			isa = PBXGroup;
			children = (
				826D102929E8556A00AA1B76 /* index.html */,
				826D102A29E8556A00AA1B76 /* index.js */,
				826D102B29E8556A00AA1B76 /* ethers-5.2.umd.min.js */,
			);
			path = jsmod;
			sourceTree = "<group>";
		};
/* End PBXGroup section */

/* Begin PBXNativeTarget section */
		826D100C29E8482700AA1B76 /* AyAy */ = {
			isa = PBXNativeTarget;
			buildConfigurationList = 826D102129E8482A00AA1B76 /* Build configuration list for PBXNativeTarget "AyAy" */;
			buildPhases = (
				826D100929E8482700AA1B76 /* Sources */,
				826D100A29E8482700AA1B76 /* Frameworks */,
				826D100B29E8482700AA1B76 /* Resources */,
			);
			buildRules = (
			);
			dependencies = (
			);
			name = AyAy;
			productName = AyAy;
			productReference = 826D100D29E8482700AA1B76 /* AyAy.app */;
			productType = "com.apple.product-type.application";
		};
/* End PBXNativeTarget section */

/* Begin PBXProject section */
		826D100529E8482700AA1B76 /* Project object */ = {
			isa = PBXProject;
			attributes = {
				BuildIndependentTargetsInParallel = 1;
				LastSwiftUpdateCheck = 1430;
				LastUpgradeCheck = 1430;
				TargetAttributes = {
					826D100C29E8482700AA1B76 = {
						CreatedOnToolsVersion = 14.3;
					};
				};
			};
			buildConfigurationList = 826D100829E8482700AA1B76 /* Build configuration list for PBXProject "AyAy" */;
			compatibilityVersion = "Xcode 14.0";
			developmentRegion = en;
			hasScannedForEncodings = 0;
			knownRegions = (
				en,
				Base,
			);
			mainGroup = 826D100429E8482700AA1B76;
			productRefGroup = 826D100E29E8482700AA1B76 /* Products */;
			projectDirPath = "";
			projectRoot = "";
			targets = (
				826D100C29E8482700AA1B76 /* AyAy */,
			);
		};
/* End PBXProject section */

/* Begin PBXResourcesBuildPhase section */
		826D100B29E8482700AA1B76 /* Resources */ = {
			isa = PBXResourcesBuildPhase;
			buildActionMask = 2147483647;
			files = (
				826D102D29E8556A00AA1B76 /* index.js in Resources */,
				826D101D29E8482A00AA1B76 /* LaunchScreen.storyboard in Resources */,
				826D102C29E8556A00AA1B76 /* index.html in Resources */,
				826D102E29E8556A00AA1B76 /* ethers-5.2.umd.min.js in Resources */,
				826D101A29E8482A00AA1B76 /* Assets.xcassets in Resources */,
				826D101829E8482700AA1B76 /* Main.storyboard in Resources */,
			);
			runOnlyForDeploymentPostprocessing = 0;
		};
/* End PBXResourcesBuildPhase section */

/* Begin PBXSourcesBuildPhase section */
		826D100929E8482700AA1B76 /* Sources */ = {
			isa = PBXSourcesBuildPhase;
			buildActionMask = 2147483647;
			files = (
				826D101529E8482700AA1B76 /* ViewController.swift in Sources */,
				827BD9FC29E932AC005BF0D9 /* PayViewController.swift in Sources */,
				826D102529E84BF600AA1B76 /* AyAyCustomerContract.swift in Sources */,
				826D101129E8482700AA1B76 /* AppDelegate.swift in Sources */,
				826D101329E8482700AA1B76 /* SceneDelegate.swift in Sources */,
			);
			runOnlyForDeploymentPostprocessing = 0;
		};
/* End PBXSourcesBuildPhase section */

/* Begin PBXVariantGroup section */
		826D101629E8482700AA1B76 /* Main.storyboard */ = {
			isa = PBXVariantGroup;
			children = (
				826D101729E8482700AA1B76 /* Base */,
			);
			name = Main.storyboard;
			sourceTree = "<group>";
		};
		826D101B29E8482A00AA1B76 /* LaunchScreen.storyboard */ = {
			isa = PBXVariantGroup;
			children = (
				826D101C29E8482A00AA1B76 /* Base */,
			);
			name = LaunchScreen.storyboard;
			sourceTree = "<group>";
		};
/* End PBXVariantGroup section */

/* Begin XCBuildConfiguration section */
		826D101F29E8482A00AA1B76 /* Debug */ = {
			isa = XCBuildConfiguration;
			buildSettings = {
				ALWAYS_SEARCH_USER_PATHS = NO;
				CLANG_ANALYZER_NONNULL = YES;
				CLANG_ANALYZER_NUMBER_OBJECT_CONVERSION = YES_AGGRESSIVE;
				CLANG_CXX_LANGUAGE_STANDARD = "gnu++20";
				CLANG_ENABLE_MODULES = YES;
				CLANG_ENABLE_OBJC_ARC = YES;
				CLANG_ENABLE_OBJC_WEAK = YES;
				CLANG_WARN_BLOCK_CAPTURE_AUTORELEASING = YES;
				CLANG_WARN_BOOL_CONVERSION = YES;
				CLANG_WARN_COMMA = YES;
				CLANG_WARN_CONSTANT_CONVERSION = YES;
				CLANG_WARN_DEPRECATED_OBJC_IMPLEMENTATIONS = YES;
				CLANG_WARN_DIRECT_OBJC_ISA_USAGE = YES_ERROR;
				CLANG_WARN_DOCUMENTATION_COMMENTS = YES;
				CLANG_WARN_EMPTY_BODY = YES;
				CLANG_WARN_ENUM_CONVERSION = YES;
				CLANG_WARN_INFINITE_RECURSION = YES;
				CLANG_WARN_INT_CONVERSION = YES;
				CLANG_WARN_NON_LITERAL_NULL_CONVERSION = YES;
				CLANG_WARN_OBJC_IMPLICIT_RETAIN_SELF = YES;
				CLANG_WARN_OBJC_LITERAL_CONVERSION = YES;
				CLANG_WARN_OBJC_ROOT_CLASS = YES_ERROR;
				CLANG_WARN_QUOTED_INCLUDE_IN_FRAMEWORK_HEADER = YES;
				CLANG_WARN_RANGE_LOOP_ANALYSIS = YES;
				CLANG_WARN_STRICT_PROTOTYPES = YES;
				CLANG_WARN_SUSPICIOUS_MOVE = YES;
				CLANG_WARN_UNGUARDED_AVAILABILITY = YES_AGGRESSIVE;
				CLANG_WARN_UNREACHABLE_CODE = YES;
				CLANG_WARN__DUPLICATE_METHOD_MATCH = YES;
				COPY_PHASE_STRIP = NO;
				DEBUG_INFORMATION_FORMAT = dwarf;
				ENABLE_STRICT_OBJC_MSGSEND = YES;
				ENABLE_TESTABILITY = YES;
				GCC_C_LANGUAGE_STANDARD = gnu11;
				GCC_DYNAMIC_NO_PIC = NO;
				GCC_NO_COMMON_BLOCKS = YES;
				GCC_OPTIMIZATION_LEVEL = 0;
				GCC_PREPROCESSOR_DEFINITIONS = (
					"DEBUG=1",
					"$(inherited)",
				);
				GCC_WARN_64_TO_32_BIT_CONVERSION = YES;
				GCC_WARN_ABOUT_RETURN_TYPE = YES_ERROR;
				GCC_WARN_UNDECLARED_SELECTOR = YES;
				GCC_WARN_UNINITIALIZED_AUTOS = YES_AGGRESSIVE;
				GCC_WARN_UNUSED_FUNCTION = YES;
				GCC_WARN_UNUSED_VARIABLE = YES;
				IPHONEOS_DEPLOYMENT_TARGET = 16.4;
				MTL_ENABLE_DEBUG_INFO = INCLUDE_SOURCE;
				MTL_FAST_MATH = YES;
				ONLY_ACTIVE_ARCH = YES;
				SDKROOT = iphoneos;
				SWIFT_ACTIVE_COMPILATION_CONDITIONS = DEBUG;
				SWIFT_OPTIMIZATION_LEVEL = "-Onone";
			};
			name = Debug;
		};
		826D102029E8482A00AA1B76 /* Release */ = {
			isa = XCBuildConfiguration;
			buildSettings = {
				ALWAYS_SEARCH_USER_PATHS = NO;
				CLANG_ANALYZER_NONNULL = YES;
				CLANG_ANALYZER_NUMBER_OBJECT_CONVERSION = YES_AGGRESSIVE;
				CLANG_CXX_LANGUAGE_STANDARD = "gnu++20";
				CLANG_ENABLE_MODULES = YES;
				CLANG_ENABLE_OBJC_ARC = YES;
				CLANG_ENABLE_OBJC_WEAK = YES;
				CLANG_WARN_BLOCK_CAPTURE_AUTORELEASING = YES;
				CLANG_WARN_BOOL_CONVERSION = YES;
				CLANG_WARN_COMMA = YES;
				CLANG_WARN_CONSTANT_CONVERSION = YES;
				CLANG_WARN_DEPRECATED_OBJC_IMPLEMENTATIONS = YES;
				CLANG_WARN_DIRECT_OBJC_ISA_USAGE = YES_ERROR;
				CLANG_WARN_DOCUMENTATION_COMMENTS = YES;
				CLANG_WARN_EMPTY_BODY = YES;
				CLANG_WARN_ENUM_CONVERSION = YES;
				CLANG_WARN_INFINITE_RECURSION = YES;
				CLANG_WARN_INT_CONVERSION = YES;
				CLANG_WARN_NON_LITERAL_NULL_CONVERSION = YES;
				CLANG_WARN_OBJC_IMPLICIT_RETAIN_SELF = YES;
				CLANG_WARN_OBJC_LITERAL_CONVERSION = YES;
				CLANG_WARN_OBJC_ROOT_CLASS = YES_ERROR;
				CLANG_WARN_QUOTED_INCLUDE_IN_FRAMEWORK_HEADER = YES;
				CLANG_WARN_RANGE_LOOP_ANALYSIS = YES;
				CLANG_WARN_STRICT_PROTOTYPES = YES;
				CLANG_WARN_SUSPICIOUS_MOVE = YES;
				CLANG_WARN_UNGUARDED_AVAILABILITY = YES_AGGRESSIVE;
				CLANG_WARN_UNREACHABLE_CODE = YES;
				CLANG_WARN__DUPLICATE_METHOD_MATCH = YES;
				COPY_PHASE_STRIP = NO;
				DEBUG_INFORMATION_FORMAT = "dwarf-with-dsym";
				ENABLE_NS_ASSERTIONS = NO;
				ENABLE_STRICT_OBJC_MSGSEND = YES;
				GCC_C_LANGUAGE_STANDARD = gnu11;
				GCC_NO_COMMON_BLOCKS = YES;
				GCC_WARN_64_TO_32_BIT_CONVERSION = YES;
				GCC_WARN_ABOUT_RETURN_TYPE = YES_ERROR;
				GCC_WARN_UNDECLARED_SELECTOR = YES;
				GCC_WARN_UNINITIALIZED_AUTOS = YES_AGGRESSIVE;
				GCC_WARN_UNUSED_FUNCTION = YES;
				GCC_WARN_UNUSED_VARIABLE = YES;
				IPHONEOS_DEPLOYMENT_TARGET = 16.4;
				MTL_ENABLE_DEBUG_INFO = NO;
				MTL_FAST_MATH = YES;
				SDKROOT = iphoneos;
				SWIFT_COMPILATION_MODE = wholemodule;
				SWIFT_OPTIMIZATION_LEVEL = "-O";
				VALIDATE_PRODUCT = YES;
			};
			name = Release;
		};
		826D102229E8482A00AA1B76 /* Debug */ = {
			isa = XCBuildConfiguration;
			buildSettings = {
				ASSETCATALOG_COMPILER_APPICON_NAME = AppIcon;
				ASSETCATALOG_COMPILER_GLOBAL_ACCENT_COLOR_NAME = AccentColor;
				CODE_SIGN_STYLE = Automatic;
				CURRENT_PROJECT_VERSION = 1;
				DEVELOPMENT_TEAM = CAG3KW7X9M;
				GENERATE_INFOPLIST_FILE = YES;
				INFOPLIST_FILE = AyAy/Info.plist;
				INFOPLIST_KEY_NSFaceIDUsageDescription = "neccesary to admit payments";
				INFOPLIST_KEY_UIApplicationSupportsIndirectInputEvents = YES;
				INFOPLIST_KEY_UILaunchStoryboardName = LaunchScreen;
				INFOPLIST_KEY_UIMainStoryboardFile = Main;
				INFOPLIST_KEY_UISupportedInterfaceOrientations_iPad = "UIInterfaceOrientationPortrait UIInterfaceOrientationPortraitUpsideDown UIInterfaceOrientationLandscapeLeft UIInterfaceOrientationLandscapeRight";
				INFOPLIST_KEY_UISupportedInterfaceOrientations_iPhone = "UIInterfaceOrientationPortrait UIInterfaceOrientationLandscapeLeft UIInterfaceOrientationLandscapeRight";
				LD_RUNPATH_SEARCH_PATHS = (
					"$(inherited)",
					"@executable_path/Frameworks",
				);
				MARKETING_VERSION = 1.0;
				PRODUCT_BUNDLE_IDENTIFIER = forETHGlobal.AyAy;
				PRODUCT_NAME = "$(TARGET_NAME)";
				SWIFT_EMIT_LOC_STRINGS = YES;
				SWIFT_VERSION = 5.0;
				TARGETED_DEVICE_FAMILY = "1,2";
			};
			name = Debug;
		};
		826D102329E8482A00AA1B76 /* Release */ = {
			isa = XCBuildConfiguration;
			buildSettings = {
				ASSETCATALOG_COMPILER_APPICON_NAME = AppIcon;
				ASSETCATALOG_COMPILER_GLOBAL_ACCENT_COLOR_NAME = AccentColor;
				CODE_SIGN_STYLE = Automatic;
				CURRENT_PROJECT_VERSION = 1;
				DEVELOPMENT_TEAM = CAG3KW7X9M;
				GENERATE_INFOPLIST_FILE = YES;
				INFOPLIST_FILE = AyAy/Info.plist;
				INFOPLIST_KEY_NSFaceIDUsageDescription = "neccesary to admit payments";
				INFOPLIST_KEY_UIApplicationSupportsIndirectInputEvents = YES;
				INFOPLIST_KEY_UILaunchStoryboardName = LaunchScreen;
				INFOPLIST_KEY_UIMainStoryboardFile = Main;
				INFOPLIST_KEY_UISupportedInterfaceOrientations_iPad = "UIInterfaceOrientationPortrait UIInterfaceOrientationPortraitUpsideDown UIInterfaceOrientationLandscapeLeft UIInterfaceOrientationLandscapeRight";
				INFOPLIST_KEY_UISupportedInterfaceOrientations_iPhone = "UIInterfaceOrientationPortrait UIInterfaceOrientationLandscapeLeft UIInterfaceOrientationLandscapeRight";
				LD_RUNPATH_SEARCH_PATHS = (
					"$(inherited)",
					"@executable_path/Frameworks",
				);
				MARKETING_VERSION = 1.0;
				PRODUCT_BUNDLE_IDENTIFIER = forETHGlobal.AyAy;
				PRODUCT_NAME = "$(TARGET_NAME)";
				SWIFT_EMIT_LOC_STRINGS = YES;
				SWIFT_VERSION = 5.0;
				TARGETED_DEVICE_FAMILY = "1,2";
			};
			name = Release;
		};
/* End XCBuildConfiguration section */

/* Begin XCConfigurationList section */
		826D100829E8482700AA1B76 /* Build configuration list for PBXProject "AyAy" */ = {
			isa = XCConfigurationList;
			buildConfigurations = (
				826D101F29E8482A00AA1B76 /* Debug */,
				826D102029E8482A00AA1B76 /* Release */,
			);
			defaultConfigurationIsVisible = 0;
			defaultConfigurationName = Release;
		};
		826D102129E8482A00AA1B76 /* Build configuration list for PBXNativeTarget "AyAy" */ = {
			isa = XCConfigurationList;
			buildConfigurations = (
				826D102229E8482A00AA1B76 /* Debug */,
				826D102329E8482A00AA1B76 /* Release */,
			);
			defaultConfigurationIsVisible = 0;
			defaultConfigurationName = Release;
		};
/* End XCConfigurationList section */
	};
	rootObject = 826D100529E8482700AA1B76 /* Project object */;
}
